
Microsoft Visual Studio Solution File, Format Version 12.00
# Visual Studio Version 17
VisualStudioVersion = 17.13.35931.197
MinimumVisualStudioVersion = 10.0.40219.1
Project("{FAE04EC0-301F-11D3-BF4B-00C04F79EFBC}") = "LoginServer", "LoginServer\LoginServer.csproj", "{FC301C44-BC81-41C0-9BA3-2A5D86B3A8A4}"
EndProject
Project("{FAE04EC0-301F-11D3-BF4B-00C04F79EFBC}") = "Database", "Database\Database.csproj", "{02546579-C5DB-420F-AF94-29A56128C7A5}"
EndProject
Project("{FAE04EC0-301F-11D3-BF4B-00C04F79EFBC}") = "RealmServer", "RealmServer\RealmServer.csproj", "{6FABF3AC-A187-4F70-90C7-78447DD9FB92}"
EndProject
Project("{FAE04EC0-301F-11D3-BF4B-00C04F79EFBC}") = "Core", "Core\Core.csproj", "{A10A41FE-CA52-4790-95D5-48B30DF2F58D}"
EndProject
Project("{FAE04EC0-301F-11D3-BF4B-00C04F79EFBC}") = "WorldServer", "WorldServer\WorldServer.csproj", "{FD624891-232C-4D4E-957A-EE9AE73CF2B1}"
EndProject
Project("{FAE04EC0-301F-11D3-BF4B-00C04F79EFBC}") = "Game", "Game\Game.csproj", "{62D869A6-2A20-4B69-8542-EA852A51BB92}"
EndProject
Project("{FAE04EC0-301F-11D3-BF4B-00C04F79EFBC}") = "InstanceHost", "InstanceHost\InstanceHost.csproj", "{A4421B02-5F49-4270-900C-1E0FF94A0811}"
EndProject
Project("{FAE04EC0-301F-11D3-BF4B-00C04F79EFBC}") = "RealmInstance", "RealmInstance\RealmInstance.csproj", "{B9BE79C6-B2FF-4F38-8FC7-C5DE8ADDEC1F}"
EndProject
Project("{FAE04EC0-301F-11D3-BF4B-00C04F79EFBC}") = "WorldInstance", "WorldInstance\WorldInstance.csproj", "{95E6D50E-E192-42FD-B314-924CE647FDED}"
EndProject
Global
	GlobalSection(SolutionConfigurationPlatforms) = preSolution
		Debug|Any CPU = Debug|Any CPU
		Release|Any CPU = Release|Any CPU
	EndGlobalSection
	GlobalSection(ProjectConfigurationPlatforms) = postSolution
		{FC301C44-BC81-41C0-9BA3-2A5D86B3A8A4}.Debug|Any CPU.ActiveCfg = Debug|Any CPU
		{FC301C44-BC81-41C0-9BA3-2A5D86B3A8A4}.Debug|Any CPU.Build.0 = Debug|Any CPU
		{FC301C44-BC81-41C0-9BA3-2A5D86B3A8A4}.Release|Any CPU.ActiveCfg = Release|Any CPU
		{FC301C44-BC81-41C0-9BA3-2A5D86B3A8A4}.Release|Any CPU.Build.0 = Release|Any CPU
		{02546579-C5DB-420F-AF94-29A56128C7A5}.Debug|Any CPU.ActiveCfg = Debug|Any CPU
		{02546579-C5DB-420F-AF94-29A56128C7A5}.Debug|Any CPU.Build.0 = Debug|Any CPU
		{02546579-C5DB-420F-AF94-29A56128C7A5}.Release|Any CPU.ActiveCfg = Release|Any CPU
		{02546579-C5DB-420F-AF94-29A56128C7A5}.Release|Any CPU.Build.0 = Release|Any CPU
		{6FABF3AC-A187-4F70-90C7-78447DD9FB92}.Debug|Any CPU.ActiveCfg = Debug|Any CPU
		{6FABF3AC-A187-4F70-90C7-78447DD9FB92}.Debug|Any CPU.Build.0 = Debug|Any CPU
		{6FABF3AC-A187-4F70-90C7-78447DD9FB92}.Release|Any CPU.ActiveCfg = Release|Any CPU
		{6FABF3AC-A187-4F70-90C7-78447DD9FB92}.Release|Any CPU.Build.0 = Release|Any CPU
		{A10A41FE-CA52-4790-95D5-48B30DF2F58D}.Debug|Any CPU.ActiveCfg = Debug|Any CPU
		{A10A41FE-CA52-4790-95D5-48B30DF2F58D}.Debug|Any CPU.Build.0 = Debug|Any CPU
		{A10A41FE-CA52-4790-95D5-48B30DF2F58D}.Release|Any CPU.ActiveCfg = Release|Any CPU
		{A10A41FE-CA52-4790-95D5-48B30DF2F58D}.Release|Any CPU.Build.0 = Release|Any CPU
		{FD624891-232C-4D4E-957A-EE9AE73CF2B1}.Debug|Any CPU.ActiveCfg = Debug|Any CPU
		{FD624891-232C-4D4E-957A-EE9AE73CF2B1}.Debug|Any CPU.Build.0 = Debug|Any CPU
		{FD624891-232C-4D4E-957A-EE9AE73CF2B1}.Release|Any CPU.ActiveCfg = Release|Any CPU
		{FD624891-232C-4D4E-957A-EE9AE73CF2B1}.Release|Any CPU.Build.0 = Release|Any CPU
		{62D869A6-2A20-4B69-8542-EA852A51BB92}.Debug|Any CPU.ActiveCfg = Debug|Any CPU
		{62D869A6-2A20-4B69-8542-EA852A51BB92}.Debug|Any CPU.Build.0 = Debug|Any CPU
		{62D869A6-2A20-4B69-8542-EA852A51BB92}.Release|Any CPU.ActiveCfg = Release|Any CPU
		{62D869A6-2A20-4B69-8542-EA852A51BB92}.Release|Any CPU.Build.0 = Release|Any CPU
		{A4421B02-5F49-4270-900C-1E0FF94A0811}.Debug|Any CPU.ActiveCfg = Debug|Any CPU
		{A4421B02-5F49-4270-900C-1E0FF94A0811}.Debug|Any CPU.Build.0 = Debug|Any CPU
		{A4421B02-5F49-4270-900C-1E0FF94A0811}.Release|Any CPU.ActiveCfg = Release|Any CPU
		{A4421B02-5F49-4270-900C-1E0FF94A0811}.Release|Any CPU.Build.0 = Release|Any CPU
		{B9BE79C6-B2FF-4F38-8FC7-C5DE8ADDEC1F}.Debug|Any CPU.ActiveCfg = Debug|Any CPU
		{B9BE79C6-B2FF-4F38-8FC7-C5DE8ADDEC1F}.Debug|Any CPU.Build.0 = Debug|Any CPU
		{B9BE79C6-B2FF-4F38-8FC7-C5DE8ADDEC1F}.Release|Any CPU.ActiveCfg = Release|Any CPU
		{B9BE79C6-B2FF-4F38-8FC7-C5DE8ADDEC1F}.Release|Any CPU.Build.0 = Release|Any CPU
		{95E6D50E-E192-42FD-B314-924CE647FDED}.Debug|Any CPU.ActiveCfg = Debug|Any CPU
		{95E6D50E-E192-42FD-B314-924CE647FDED}.Debug|Any CPU.Build.0 = Debug|Any CPU
		{95E6D50E-E192-42FD-B314-924CE647FDED}.Release|Any CPU.ActiveCfg = Release|Any CPU
		{95E6D50E-E192-42FD-B314-924CE647FDED}.Release|Any CPU.Build.0 = Release|Any CPU
	EndGlobalSection
	GlobalSection(SolutionProperties) = preSolution
		HideSolutionNode = FALSE
	EndGlobalSection
	GlobalSection(ExtensibilityGlobals) = postSolution
		SolutionGuid = {5057F9FE-8564-4DBA-9569-C4AE877BAF0C}
	EndGlobalSection
EndGlobal
