
Microsoft Visual Studio Solution File, Format Version 12.00
# Visual Studio Version 17
VisualStudioVersion = 17.13.35931.197
MinimumVisualStudioVersion = 10.0.40219.1
Project("{FAE04EC0-301F-11D3-BF4B-00C04F79EFBC}") = "LoginServer", "LoginServer\LoginServer.csproj", "{FC301C44-BC81-41C0-9BA3-2A5D86B3A8A4}"
EndProject
Project("{FAE04EC0-301F-11D3-BF4B-00C04F79EFBC}") = "Database", "Database\Database.csproj", "{02546579-C5DB-420F-AF94-29A56128C7A5}"
EndProject
Project("{FAE04EC0-301F-11D3-BF4B-00C04F79EFBC}") = "RealmServer", "RealmServer\RealmServer.csproj", "{6FABF3AC-A187-4F70-90C7-78447DD9FB92}"
EndProject
Project("{FAE04EC0-301F-11D3-BF4B-00C04F79EFBC}") = "Core", "Core\Core.csproj", "{A10A41FE-CA52-4790-95D5-48B30DF2F58D}"
EndProject
Global
	GlobalSection(SolutionConfigurationPlatforms) = preSolution
		Debug|Any CPU = Debug|Any CPU
		Release|Any CPU = Release|Any CPU
	EndGlobalSection
	GlobalSection(ProjectConfigurationPlatforms) = postSolution
		{FC301C44-BC81-41C0-9BA3-2A5D86B3A8A4}.Debug|Any CPU.ActiveCfg = Debug|Any CPU
		{FC301C44-BC81-41C0-9BA3-2A5D86B3A8A4}.Debug|Any CPU.Build.0 = Debug|Any CPU
		{FC301C44-BC81-41C0-9BA3-2A5D86B3A8A4}.Release|Any CPU.ActiveCfg = Release|Any CPU
		{FC301C44-BC81-41C0-9BA3-2A5D86B3A8A4}.Release|Any CPU.Build.0 = Release|Any CPU
		{02546579-C5DB-420F-AF94-29A56128C7A5}.Debug|Any CPU.ActiveCfg = Debug|Any CPU
		{02546579-C5DB-420F-AF94-29A56128C7A5}.Debug|Any CPU.Build.0 = Debug|Any CPU
		{02546579-C5DB-420F-AF94-29A56128C7A5}.Release|Any CPU.ActiveCfg = Release|Any CPU
		{02546579-C5DB-420F-AF94-29A56128C7A5}.Release|Any CPU.Build.0 = Release|Any CPU
		{6FABF3AC-A187-4F70-90C7-78447DD9FB92}.Debug|Any CPU.ActiveCfg = Debug|Any CPU
		{6FABF3AC-A187-4F70-90C7-78447DD9FB92}.Debug|Any CPU.Build.0 = Debug|Any CPU
		{6FABF3AC-A187-4F70-90C7-78447DD9FB92}.Release|Any CPU.ActiveCfg = Release|Any CPU
		{6FABF3AC-A187-4F70-90C7-78447DD9FB92}.Release|Any CPU.Build.0 = Release|Any CPU
		{A10A41FE-CA52-4790-95D5-48B30DF2F58D}.Debug|Any CPU.ActiveCfg = Debug|Any CPU
		{A10A41FE-CA52-4790-95D5-48B30DF2F58D}.Debug|Any CPU.Build.0 = Debug|Any CPU
		{A10A41FE-CA52-4790-95D5-48B30DF2F58D}.Release|Any CPU.ActiveCfg = Release|Any CPU
		{A10A41FE-CA52-4790-95D5-48B30DF2F58D}.Release|Any CPU.Build.0 = Release|Any CPU
	EndGlobalSection
	GlobalSection(SolutionProperties) = preSolution
		HideSolutionNode = FALSE
	EndGlobalSection
	GlobalSection(ExtensibilityGlobals) = postSolution
		SolutionGuid = {5057F9FE-8564-4DBA-9569-C4AE877BAF0C}
	EndGlobalSection
EndGlobal
